
Microsoft Visual Studio Solution File, Format Version 12.00
# Visual Studio Version 17
VisualStudioVersion = 17.6.33417.168
MinimumVisualStudioVersion = 10.0.40219.1
Project("{9A19103F-16F7-4668-BE54-9A1E7A4F7556}") = "PiPlanningApp", "PiPlanningApp\PiPlanningApp.csproj", "{8ED53A85-A1ED-4BE8-B9A1-BD1B57796FED}"
EndProject
Global
	GlobalSection(SolutionConfigurationPlatforms) = preSolution
		Debug|Any CPU = Debug|Any CPU
		Release|Any CPU = Release|Any CPU
	EndGlobalSection
	GlobalSection(ProjectConfigurationPlatforms) = postSolution
		{8ED53A85-A1ED-4BE8-B9A1-BD1B57796FED}.Debug|Any CPU.ActiveCfg = Debug|Any CPU
		{8ED53A85-A1ED-4BE8-B9A1-BD1B57796FED}.Debug|Any CPU.Build.0 = Debug|Any CPU
		{8ED53A85-A1ED-4BE8-B9A1-BD1B57796FED}.Release|Any CPU.ActiveCfg = Release|Any CPU
		{8ED53A85-A1ED-4BE8-B9A1-BD1B57796FED}.Release|Any CPU.Build.0 = Release|Any CPU
	EndGlobalSection
	GlobalSection(SolutionProperties) = preSolution
		HideSolutionNode = FALSE
	EndGlobalSection
	GlobalSection(ExtensibilityGlobals) = postSolution
		SolutionGuid = {4C9637CB-E595-4E93-8BF7-3709A4A91E37}
	EndGlobalSection
EndGlobal
